// !$*UTF8*$!
{
	archiveVersion = 1;
	classes = {
	};
	objectVersion = 46;
	objects = {

/* Begin PBXAggregateTarget section */
		7FE8B4831EDF3DA70002E82C /* CommonCryptoModuleMap */ = {
			isa = PBXAggregateTarget;
			buildConfigurationList = 7FE8B4841EDF3DA70002E82C /* Build configuration list for PBXAggregateTarget "CommonCryptoModuleMap" */;
			buildPhases = (
				7FE8B4871EDF3DB00002E82C /* ShellScript */,
			);
			dependencies = (
			);
			name = CommonCryptoModuleMap;
			productName = CommonCryptoModuleMap;
		};
/* End PBXAggregateTarget section */

/* Begin PBXBuildFile section */
		7F7F524F1EEB3BDD00D53151 /* AlliNPush.swift in Sources */ = {isa = PBXBuildFile; fileRef = 7F7F524E1EEB3BDD00D53151 /* AlliNPush.swift */; };
		7F7F52511EEB3C5000D53151 /* NotificationService.swift in Sources */ = {isa = PBXBuildFile; fileRef = 7F7F52501EEB3C5000D53151 /* NotificationService.swift */; };
		7FD0D5BB1EDDB76500849129 /* SharedPreferencesManager.swift in Sources */ = {isa = PBXBuildFile; fileRef = 7FD0D5BA1EDDB76500849129 /* SharedPreferencesManager.swift */; };
		7FD0D5C31EDDC97300849129 /* DateExtension.swift in Sources */ = {isa = PBXBuildFile; fileRef = 7FD0D5C11EDDC97300849129 /* DateExtension.swift */; };
		7FD0D5C41EDDC97300849129 /* StringExtension.swift in Sources */ = {isa = PBXBuildFile; fileRef = 7FD0D5C21EDDC97300849129 /* StringExtension.swift */; };
		7FD0D5C61EDDCB5D00849129 /* UIColorExtension.swift in Sources */ = {isa = PBXBuildFile; fileRef = 7FD0D5C51EDDCB5D00849129 /* UIColorExtension.swift */; };
		7FD1B52B1EE74799005AE62F /* AlliNDelegate.swift in Sources */ = {isa = PBXBuildFile; fileRef = 7FD1B52A1EE74799005AE62F /* AlliNDelegate.swift */; };
		7FD1B52D1EE747F3005AE62F /* LocationDelegate.swift in Sources */ = {isa = PBXBuildFile; fileRef = 7FD1B52C1EE747F3005AE62F /* LocationDelegate.swift */; };
		7FD1B52F1EE74847005AE62F /* HttpRequest.swift in Sources */ = {isa = PBXBuildFile; fileRef = 7FD1B52E1EE74847005AE62F /* HttpRequest.swift */; };
		7FD1B5321EE748D5005AE62F /* RequestTypeEnum.swift in Sources */ = {isa = PBXBuildFile; fileRef = 7FD1B5311EE748D5005AE62F /* RequestTypeEnum.swift */; };
		7FD1B5341EE74ABF005AE62F /* HttpConstant.swift in Sources */ = {isa = PBXBuildFile; fileRef = 7FD1B5331EE74ABF005AE62F /* HttpConstant.swift */; };
		7FD1B5361EE87FD8005AE62F /* HttpRequestError.swift in Sources */ = {isa = PBXBuildFile; fileRef = 7FD1B5351EE87FD8005AE62F /* HttpRequestError.swift */; };
		7FD1B53B1EE88CB0005AE62F /* CacheService.swift in Sources */ = {isa = PBXBuildFile; fileRef = 7FD1B53A1EE88CB0005AE62F /* CacheService.swift */; };
		7FD1B53D1EE88CFE005AE62F /* StatusService.swift in Sources */ = {isa = PBXBuildFile; fileRef = 7FD1B53C1EE88CFE005AE62F /* StatusService.swift */; };
		7FD1B5411EE89C0D005AE62F /* DataExtension.swift in Sources */ = {isa = PBXBuildFile; fileRef = 7FD1B5401EE89C0D005AE62F /* DataExtension.swift */; };
		7FD7F9D61EE5D86300CF8A98 /* NotificationConstant.swift in Sources */ = {isa = PBXBuildFile; fileRef = 7FD7F9D41EE5D86300CF8A98 /* NotificationConstant.swift */; };
		7FD7F9D71EE5D86300CF8A98 /* ParametersConstant.swift in Sources */ = {isa = PBXBuildFile; fileRef = 7FD7F9D51EE5D86300CF8A98 /* ParametersConstant.swift */; };
		7FD7F9D91EE5D87500CF8A98 /* DeviceTokenError.swift in Sources */ = {isa = PBXBuildFile; fileRef = 7FD7F9D81EE5D87500CF8A98 /* DeviceTokenError.swift */; };
		7FD7F9DF1EE5D88500CF8A98 /* CacheEntity.swift in Sources */ = {isa = PBXBuildFile; fileRef = 7FD7F9DA1EE5D88500CF8A98 /* CacheEntity.swift */; };
		7FD7F9E01EE5D88500CF8A98 /* ConfigurationEntity.swift in Sources */ = {isa = PBXBuildFile; fileRef = 7FD7F9DB1EE5D88500CF8A98 /* ConfigurationEntity.swift */; };
		7FD7F9E11EE5D88500CF8A98 /* DeviceEntity.swift in Sources */ = {isa = PBXBuildFile; fileRef = 7FD7F9DC1EE5D88500CF8A98 /* DeviceEntity.swift */; };
		7FD7F9E21EE5D88500CF8A98 /* MessageEntity.swift in Sources */ = {isa = PBXBuildFile; fileRef = 7FD7F9DD1EE5D88500CF8A98 /* MessageEntity.swift */; };
		7FD7F9E31EE5D88500CF8A98 /* ResponseEntity.swift in Sources */ = {isa = PBXBuildFile; fileRef = 7FD7F9DE1EE5D88500CF8A98 /* ResponseEntity.swift */; };
		7FD7F9E61EE5D89400CF8A98 /* Application.swift in Sources */ = {isa = PBXBuildFile; fileRef = 7FD7F9E41EE5D89400CF8A98 /* Application.swift */; };
		7FD7F9E71EE5D89400CF8A98 /* Connection.swift in Sources */ = {isa = PBXBuildFile; fileRef = 7FD7F9E51EE5D89400CF8A98 /* Connection.swift */; };
		7FD7F9E91EE5D8D700CF8A98 /* PreferencesConstant.swift in Sources */ = {isa = PBXBuildFile; fileRef = 7FD7F9E81EE5D8D700CF8A98 /* PreferencesConstant.swift */; };
		7FD7F9EB1EE5D90400CF8A98 /* RouteConstant.swift in Sources */ = {isa = PBXBuildFile; fileRef = 7FD7F9EA1EE5D90400CF8A98 /* RouteConstant.swift */; };
		7FD7F9ED1EE5D94B00CF8A98 /* BodyConstant.swift in Sources */ = {isa = PBXBuildFile; fileRef = 7FD7F9EC1EE5D94B00CF8A98 /* BodyConstant.swift */; };
		7FD7F9EF1EE5D99700CF8A98 /* DefaultListConstant.swift in Sources */ = {isa = PBXBuildFile; fileRef = 7FD7F9EE1EE5D99700CF8A98 /* DefaultListConstant.swift */; };
		7FE8B47B1EDF2EBE0002E82C /* AlliNMobileSwift.h in Headers */ = {isa = PBXBuildFile; fileRef = 7FD0D5B11EDDB6D300849129 /* AlliNMobileSwift.h */; settings = {ATTRIBUTES = (Public, ); }; };
		C0FBEA4DDF1BA474DEE00A09 /* Pods_AlliNMobileSwift.framework in Frameworks */ = {isa = PBXBuildFile; fileRef = 2CC6D27E5BC3A71FC67954CF /* Pods_AlliNMobileSwift.framework */; };
/* End PBXBuildFile section */

/* Begin PBXContainerItemProxy section */
		7FE8B4881EDF3DCC0002E82C /* PBXContainerItemProxy */ = {
			isa = PBXContainerItemProxy;
			containerPortal = 7FD0D5A51EDDB6D300849129 /* Project object */;
			proxyType = 1;
			remoteGlobalIDString = 7FE8B4831EDF3DA70002E82C;
			remoteInfo = CommonCryptoModuleMap;
		};
/* End PBXContainerItemProxy section */

/* Begin PBXFileReference section */
		2CC6D27E5BC3A71FC67954CF /* Pods_AlliNMobileSwift.framework */ = {isa = PBXFileReference; explicitFileType = wrapper.framework; includeInIndex = 0; path = Pods_AlliNMobileSwift.framework; sourceTree = BUILT_PRODUCTS_DIR; };
		7F7F524E1EEB3BDD00D53151 /* AlliNPush.swift */ = {isa = PBXFileReference; fileEncoding = 4; lastKnownFileType = sourcecode.swift; path = AlliNPush.swift; sourceTree = "<group>"; };
		7F7F52501EEB3C5000D53151 /* NotificationService.swift */ = {isa = PBXFileReference; fileEncoding = 4; lastKnownFileType = sourcecode.swift; path = NotificationService.swift; sourceTree = "<group>"; };
		7FD0D5AE1EDDB6D300849129 /* AlliNMobileSwift.framework */ = {isa = PBXFileReference; explicitFileType = wrapper.framework; includeInIndex = 0; path = AlliNMobileSwift.framework; sourceTree = BUILT_PRODUCTS_DIR; };
		7FD0D5B11EDDB6D300849129 /* AlliNMobileSwift.h */ = {isa = PBXFileReference; lastKnownFileType = sourcecode.c.h; path = AlliNMobileSwift.h; sourceTree = "<group>"; };
		7FD0D5B21EDDB6D300849129 /* Info.plist */ = {isa = PBXFileReference; lastKnownFileType = text.plist.xml; path = Info.plist; sourceTree = "<group>"; };
		7FD0D5BA1EDDB76500849129 /* SharedPreferencesManager.swift */ = {isa = PBXFileReference; fileEncoding = 4; lastKnownFileType = sourcecode.swift; path = SharedPreferencesManager.swift; sourceTree = "<group>"; };
		7FD0D5C11EDDC97300849129 /* DateExtension.swift */ = {isa = PBXFileReference; fileEncoding = 4; lastKnownFileType = sourcecode.swift; path = DateExtension.swift; sourceTree = "<group>"; };
		7FD0D5C21EDDC97300849129 /* StringExtension.swift */ = {isa = PBXFileReference; fileEncoding = 4; lastKnownFileType = sourcecode.swift; path = StringExtension.swift; sourceTree = "<group>"; };
		7FD0D5C51EDDCB5D00849129 /* UIColorExtension.swift */ = {isa = PBXFileReference; fileEncoding = 4; lastKnownFileType = sourcecode.swift; path = UIColorExtension.swift; sourceTree = "<group>"; };
		7FD1B52A1EE74799005AE62F /* AlliNDelegate.swift */ = {isa = PBXFileReference; fileEncoding = 4; lastKnownFileType = sourcecode.swift; path = AlliNDelegate.swift; sourceTree = "<group>"; };
		7FD1B52C1EE747F3005AE62F /* LocationDelegate.swift */ = {isa = PBXFileReference; fileEncoding = 4; lastKnownFileType = sourcecode.swift; path = LocationDelegate.swift; sourceTree = "<group>"; };
		7FD1B52E1EE74847005AE62F /* HttpRequest.swift */ = {isa = PBXFileReference; fileEncoding = 4; lastKnownFileType = sourcecode.swift; path = HttpRequest.swift; sourceTree = "<group>"; };
		7FD1B5311EE748D5005AE62F /* RequestTypeEnum.swift */ = {isa = PBXFileReference; fileEncoding = 4; lastKnownFileType = sourcecode.swift; path = RequestTypeEnum.swift; sourceTree = "<group>"; };
		7FD1B5331EE74ABF005AE62F /* HttpConstant.swift */ = {isa = PBXFileReference; fileEncoding = 4; lastKnownFileType = sourcecode.swift; path = HttpConstant.swift; sourceTree = "<group>"; };
		7FD1B5351EE87FD8005AE62F /* HttpRequestError.swift */ = {isa = PBXFileReference; fileEncoding = 4; lastKnownFileType = sourcecode.swift; path = HttpRequestError.swift; sourceTree = "<group>"; };
		7FD1B53A1EE88CB0005AE62F /* CacheService.swift */ = {isa = PBXFileReference; fileEncoding = 4; lastKnownFileType = sourcecode.swift; path = CacheService.swift; sourceTree = "<group>"; };
		7FD1B53C1EE88CFE005AE62F /* StatusService.swift */ = {isa = PBXFileReference; fileEncoding = 4; lastKnownFileType = sourcecode.swift; path = StatusService.swift; sourceTree = "<group>"; };
		7FD1B5401EE89C0D005AE62F /* DataExtension.swift */ = {isa = PBXFileReference; fileEncoding = 4; lastKnownFileType = sourcecode.swift; path = DataExtension.swift; sourceTree = "<group>"; };
		7FD7F9D41EE5D86300CF8A98 /* NotificationConstant.swift */ = {isa = PBXFileReference; fileEncoding = 4; lastKnownFileType = sourcecode.swift; path = NotificationConstant.swift; sourceTree = "<group>"; };
		7FD7F9D51EE5D86300CF8A98 /* ParametersConstant.swift */ = {isa = PBXFileReference; fileEncoding = 4; lastKnownFileType = sourcecode.swift; path = ParametersConstant.swift; sourceTree = "<group>"; };
		7FD7F9D81EE5D87500CF8A98 /* DeviceTokenError.swift */ = {isa = PBXFileReference; fileEncoding = 4; lastKnownFileType = sourcecode.swift; path = DeviceTokenError.swift; sourceTree = "<group>"; };
		7FD7F9DA1EE5D88500CF8A98 /* CacheEntity.swift */ = {isa = PBXFileReference; fileEncoding = 4; lastKnownFileType = sourcecode.swift; path = CacheEntity.swift; sourceTree = "<group>"; };
		7FD7F9DB1EE5D88500CF8A98 /* ConfigurationEntity.swift */ = {isa = PBXFileReference; fileEncoding = 4; lastKnownFileType = sourcecode.swift; path = ConfigurationEntity.swift; sourceTree = "<group>"; };
		7FD7F9DC1EE5D88500CF8A98 /* DeviceEntity.swift */ = {isa = PBXFileReference; fileEncoding = 4; lastKnownFileType = sourcecode.swift; path = DeviceEntity.swift; sourceTree = "<group>"; };
		7FD7F9DD1EE5D88500CF8A98 /* MessageEntity.swift */ = {isa = PBXFileReference; fileEncoding = 4; lastKnownFileType = sourcecode.swift; path = MessageEntity.swift; sourceTree = "<group>"; };
		7FD7F9DE1EE5D88500CF8A98 /* ResponseEntity.swift */ = {isa = PBXFileReference; fileEncoding = 4; lastKnownFileType = sourcecode.swift; path = ResponseEntity.swift; sourceTree = "<group>"; };
		7FD7F9E41EE5D89400CF8A98 /* Application.swift */ = {isa = PBXFileReference; fileEncoding = 4; lastKnownFileType = sourcecode.swift; path = Application.swift; sourceTree = "<group>"; };
		7FD7F9E51EE5D89400CF8A98 /* Connection.swift */ = {isa = PBXFileReference; fileEncoding = 4; lastKnownFileType = sourcecode.swift; path = Connection.swift; sourceTree = "<group>"; };
		7FD7F9E81EE5D8D700CF8A98 /* PreferencesConstant.swift */ = {isa = PBXFileReference; fileEncoding = 4; lastKnownFileType = sourcecode.swift; path = PreferencesConstant.swift; sourceTree = "<group>"; };
		7FD7F9EA1EE5D90400CF8A98 /* RouteConstant.swift */ = {isa = PBXFileReference; fileEncoding = 4; lastKnownFileType = sourcecode.swift; path = RouteConstant.swift; sourceTree = "<group>"; };
		7FD7F9EC1EE5D94B00CF8A98 /* BodyConstant.swift */ = {isa = PBXFileReference; fileEncoding = 4; lastKnownFileType = sourcecode.swift; path = BodyConstant.swift; sourceTree = "<group>"; };
		7FD7F9EE1EE5D99700CF8A98 /* DefaultListConstant.swift */ = {isa = PBXFileReference; fileEncoding = 4; lastKnownFileType = sourcecode.swift; path = DefaultListConstant.swift; sourceTree = "<group>"; };
		7FE8B47C1EDF31420002E82C /* Security.framework */ = {isa = PBXFileReference; lastKnownFileType = wrapper.framework; name = Security.framework; path = System/Library/Frameworks/Security.framework; sourceTree = SDKROOT; };
		8041A9BE619A2713C882DDF7 /* Pods-AlliNMobileSwift.release.xcconfig */ = {isa = PBXFileReference; includeInIndex = 1; lastKnownFileType = text.xcconfig; name = "Pods-AlliNMobileSwift.release.xcconfig"; path = "Pods/Target Support Files/Pods-AlliNMobileSwift/Pods-AlliNMobileSwift.release.xcconfig"; sourceTree = "<group>"; };
		ED2CD76EB170579D253CC230 /* Pods-AlliNMobileSwift.debug.xcconfig */ = {isa = PBXFileReference; includeInIndex = 1; lastKnownFileType = text.xcconfig; name = "Pods-AlliNMobileSwift.debug.xcconfig"; path = "Pods/Target Support Files/Pods-AlliNMobileSwift/Pods-AlliNMobileSwift.debug.xcconfig"; sourceTree = "<group>"; };
/* End PBXFileReference section */

/* Begin PBXFrameworksBuildPhase section */
		7FD0D5AA1EDDB6D300849129 /* Frameworks */ = {
			isa = PBXFrameworksBuildPhase;
			buildActionMask = 2147483647;
			files = (
				C0FBEA4DDF1BA474DEE00A09 /* Pods_AlliNMobileSwift.framework in Frameworks */,
			);
			runOnlyForDeploymentPostprocessing = 0;
		};
/* End PBXFrameworksBuildPhase section */

/* Begin PBXGroup section */
		4B9E24746EA52EF65F2FB000 /* Pods */ = {
			isa = PBXGroup;
			children = (
				ED2CD76EB170579D253CC230 /* Pods-AlliNMobileSwift.debug.xcconfig */,
				8041A9BE619A2713C882DDF7 /* Pods-AlliNMobileSwift.release.xcconfig */,
			);
			name = Pods;
			sourceTree = "<group>";
		};
		5A87B50594886BEE1679CDD3 /* Frameworks */ = {
			isa = PBXGroup;
			children = (
				7FE8B47C1EDF31420002E82C /* Security.framework */,
				2CC6D27E5BC3A71FC67954CF /* Pods_AlliNMobileSwift.framework */,
			);
			name = Frameworks;
			sourceTree = "<group>";
		};
		7FD0D5A41EDDB6D300849129 = {
			isa = PBXGroup;
			children = (
				7FD0D5B01EDDB6D300849129 /* AlliNMobileSwift */,
				7FD0D5AF1EDDB6D300849129 /* Products */,
				4B9E24746EA52EF65F2FB000 /* Pods */,
				5A87B50594886BEE1679CDD3 /* Frameworks */,
			);
			sourceTree = "<group>";
		};
		7FD0D5AF1EDDB6D300849129 /* Products */ = {
			isa = PBXGroup;
			children = (
				7FD0D5AE1EDDB6D300849129 /* AlliNMobileSwift.framework */,
			);
			name = Products;
			sourceTree = "<group>";
		};
		7FD0D5B01EDDB6D300849129 /* AlliNMobileSwift */ = {
			isa = PBXGroup;
			children = (
				7FD0D5B91EDDB6E800849129 /* PushNotification */,
				7FD0D5B11EDDB6D300849129 /* AlliNMobileSwift.h */,
				7FD0D5B21EDDB6D300849129 /* Info.plist */,
			);
			path = AlliNMobileSwift;
			sourceTree = "<group>";
		};
		7FD0D5B91EDDB6E800849129 /* PushNotification */ = {
			isa = PBXGroup;
			children = (
				7FD7F9CF1EE5D70F00CF8A98 /* Constant */,
				7FD1B5271EE7461E005AE62F /* Delegate */,
				7FE8B4921EDF5BCB0002E82C /* Entity */,
				7FD1B5301EE748AE005AE62F /* Enum */,
				7FE8B4951EDF5DE40002E82C /* Error */,
				7FD0D5BC1EDDC73700849129 /* Extension */,
				7FE8B48B1EDF47C70002E82C /* Helper */,
				7FD1B5221EE74220005AE62F /* Request */,
				7FD1B5371EE884F4005AE62F /* Service */,
				7FD0D5BA1EDDB76500849129 /* SharedPreferencesManager.swift */,
				7F7F524E1EEB3BDD00D53151 /* AlliNPush.swift */,
			);
			name = PushNotification;
			sourceTree = "<group>";
		};
		7FD0D5BC1EDDC73700849129 /* Extension */ = {
			isa = PBXGroup;
			children = (
				7FD1B5401EE89C0D005AE62F /* DataExtension.swift */,
				7FD0D5C11EDDC97300849129 /* DateExtension.swift */,
				7FD0D5C21EDDC97300849129 /* StringExtension.swift */,
				7FD0D5C51EDDCB5D00849129 /* UIColorExtension.swift */,
			);
			path = Extension;
			sourceTree = "<group>";
		};
		7FD1B5221EE74220005AE62F /* Request */ = {
			isa = PBXGroup;
			children = (
				7FD1B52E1EE74847005AE62F /* HttpRequest.swift */,
			);
			path = Request;
			sourceTree = "<group>";
		};
		7FD1B5271EE7461E005AE62F /* Delegate */ = {
			isa = PBXGroup;
			children = (
				7FD1B52A1EE74799005AE62F /* AlliNDelegate.swift */,
				7FD1B52C1EE747F3005AE62F /* LocationDelegate.swift */,
			);
			path = Delegate;
			sourceTree = "<group>";
		};
		7FD1B5301EE748AE005AE62F /* Enum */ = {
			isa = PBXGroup;
			children = (
				7FD1B5311EE748D5005AE62F /* RequestTypeEnum.swift */,
			);
			path = Enum;
			sourceTree = "<group>";
		};
		7FD1B5371EE884F4005AE62F /* Service */ = {
			isa = PBXGroup;
			children = (
				7FD1B53A1EE88CB0005AE62F /* CacheService.swift */,
				7FD1B53C1EE88CFE005AE62F /* StatusService.swift */,
				7F7F52501EEB3C5000D53151 /* NotificationService.swift */,
			);
			path = Service;
			sourceTree = "<group>";
		};
		7FD7F9CF1EE5D70F00CF8A98 /* Constant */ = {
			isa = PBXGroup;
			children = (
				7FD7F9EC1EE5D94B00CF8A98 /* BodyConstant.swift */,
				7FD7F9EE1EE5D99700CF8A98 /* DefaultListConstant.swift */,
				7FD1B5331EE74ABF005AE62F /* HttpConstant.swift */,
				7FD7F9D41EE5D86300CF8A98 /* NotificationConstant.swift */,
				7FD7F9D51EE5D86300CF8A98 /* ParametersConstant.swift */,
				7FD7F9E81EE5D8D700CF8A98 /* PreferencesConstant.swift */,
				7FD7F9EA1EE5D90400CF8A98 /* RouteConstant.swift */,
			);
			path = Constant;
			sourceTree = "<group>";
		};
		7FE8B48B1EDF47C70002E82C /* Helper */ = {
			isa = PBXGroup;
			children = (
				7FD7F9E41EE5D89400CF8A98 /* Application.swift */,
				7FD7F9E51EE5D89400CF8A98 /* Connection.swift */,
			);
			path = Helper;
			sourceTree = "<group>";
		};
		7FE8B4921EDF5BCB0002E82C /* Entity */ = {
			isa = PBXGroup;
			children = (
				7FD7F9DA1EE5D88500CF8A98 /* CacheEntity.swift */,
				7FD7F9DB1EE5D88500CF8A98 /* ConfigurationEntity.swift */,
				7FD7F9DC1EE5D88500CF8A98 /* DeviceEntity.swift */,
				7FD7F9DD1EE5D88500CF8A98 /* MessageEntity.swift */,
				7FD7F9DE1EE5D88500CF8A98 /* ResponseEntity.swift */,
			);
			path = Entity;
			sourceTree = "<group>";
		};
		7FE8B4951EDF5DE40002E82C /* Error */ = {
			isa = PBXGroup;
			children = (
				7FD7F9D81EE5D87500CF8A98 /* DeviceTokenError.swift */,
				7FD1B5351EE87FD8005AE62F /* HttpRequestError.swift */,
			);
			path = Error;
			sourceTree = "<group>";
		};
/* End PBXGroup section */

/* Begin PBXHeadersBuildPhase section */
		7FD0D5AB1EDDB6D300849129 /* Headers */ = {
			isa = PBXHeadersBuildPhase;
			buildActionMask = 2147483647;
			files = (
				7FE8B47B1EDF2EBE0002E82C /* AlliNMobileSwift.h in Headers */,
			);
			runOnlyForDeploymentPostprocessing = 0;
		};
/* End PBXHeadersBuildPhase section */

/* Begin PBXNativeTarget section */
		7FD0D5AD1EDDB6D300849129 /* AlliNMobileSwift */ = {
			isa = PBXNativeTarget;
			buildConfigurationList = 7FD0D5B61EDDB6D300849129 /* Build configuration list for PBXNativeTarget "AlliNMobileSwift" */;
			buildPhases = (
				BDB86633104C06370D7AB4DD /* [CP] Check Pods Manifest.lock */,
				7FD0D5A91EDDB6D300849129 /* Sources */,
				7FD0D5AA1EDDB6D300849129 /* Frameworks */,
				7FD0D5AB1EDDB6D300849129 /* Headers */,
				7FD0D5AC1EDDB6D300849129 /* Resources */,
				37841AE743E9596CEF930E9E /* [CP] Copy Pods Resources */,
			);
			buildRules = (
			);
			dependencies = (
				7FE8B4891EDF3DCC0002E82C /* PBXTargetDependency */,
			);
			name = AlliNMobileSwift;
			productName = AlliNMobileSwift;
			productReference = 7FD0D5AE1EDDB6D300849129 /* AlliNMobileSwift.framework */;
			productType = "com.apple.product-type.framework";
		};
/* End PBXNativeTarget section */

/* Begin PBXProject section */
		7FD0D5A51EDDB6D300849129 /* Project object */ = {
			isa = PBXProject;
			attributes = {
				LastUpgradeCheck = 0830;
				ORGANIZATIONNAME = "Lucas Rodrigues";
				TargetAttributes = {
					7FD0D5AD1EDDB6D300849129 = {
						CreatedOnToolsVersion = 8.3.2;
						DevelopmentTeam = 9GV93X4TAH;
						LastSwiftMigration = 0830;
						ProvisioningStyle = Automatic;
					};
					7FE8B4831EDF3DA70002E82C = {
						CreatedOnToolsVersion = 8.3.2;
						DevelopmentTeam = 9GV93X4TAH;
						ProvisioningStyle = Automatic;
					};
				};
			};
			buildConfigurationList = 7FD0D5A81EDDB6D300849129 /* Build configuration list for PBXProject "AlliNMobileSwift" */;
			compatibilityVersion = "Xcode 3.2";
			developmentRegion = English;
			hasScannedForEncodings = 0;
			knownRegions = (
				en,
			);
			mainGroup = 7FD0D5A41EDDB6D300849129;
			productRefGroup = 7FD0D5AF1EDDB6D300849129 /* Products */;
			projectDirPath = "";
			projectRoot = "";
			targets = (
				7FD0D5AD1EDDB6D300849129 /* AlliNMobileSwift */,
				7FE8B4831EDF3DA70002E82C /* CommonCryptoModuleMap */,
			);
		};
/* End PBXProject section */

/* Begin PBXResourcesBuildPhase section */
		7FD0D5AC1EDDB6D300849129 /* Resources */ = {
			isa = PBXResourcesBuildPhase;
			buildActionMask = 2147483647;
			files = (
			);
			runOnlyForDeploymentPostprocessing = 0;
		};
/* End PBXResourcesBuildPhase section */

/* Begin PBXShellScriptBuildPhase section */
		37841AE743E9596CEF930E9E /* [CP] Copy Pods Resources */ = {
			isa = PBXShellScriptBuildPhase;
			buildActionMask = 2147483647;
			files = (
			);
			inputPaths = (
			);
			name = "[CP] Copy Pods Resources";
			outputPaths = (
			);
			runOnlyForDeploymentPostprocessing = 0;
			shellPath = /bin/sh;
			shellScript = "\"${SRCROOT}/Pods/Target Support Files/Pods-AlliNMobileSwift/Pods-AlliNMobileSwift-resources.sh\"\n";
			showEnvVarsInLog = 0;
		};
		7FE8B4871EDF3DB00002E82C /* ShellScript */ = {
			isa = PBXShellScriptBuildPhase;
			buildActionMask = 2147483647;
			files = (
			);
			inputPaths = (
			);
			outputPaths = (
			);
			runOnlyForDeploymentPostprocessing = 0;
			shellPath = /bin/sh;
			shellScript = "mkdir -p \"${BUILT_PRODUCTS_DIR}/CommonCryptoModuleMap\"\ncat <<EOF > \"${BUILT_PRODUCTS_DIR}/CommonCryptoModuleMap/module.modulemap\"\nmodule CommonCrypto [system] {\n    header \"${SDKROOT}/usr/include/CommonCrypto/CommonCrypto.h\"\n    export *\n}\nEOF";
		};
		BDB86633104C06370D7AB4DD /* [CP] Check Pods Manifest.lock */ = {
			isa = PBXShellScriptBuildPhase;
			buildActionMask = 2147483647;
			files = (
			);
			inputPaths = (
			);
			name = "[CP] Check Pods Manifest.lock";
			outputPaths = (
			);
			runOnlyForDeploymentPostprocessing = 0;
			shellPath = /bin/sh;
			shellScript = "diff \"${PODS_PODFILE_DIR_PATH}/Podfile.lock\" \"${PODS_ROOT}/Manifest.lock\" > /dev/null\nif [ $? != 0 ] ; then\n    # print error to STDERR\n    echo \"error: The sandbox is not in sync with the Podfile.lock. Run 'pod install' or update your CocoaPods installation.\" >&2\n    exit 1\nfi\n";
			showEnvVarsInLog = 0;
		};
/* End PBXShellScriptBuildPhase section */

/* Begin PBXSourcesBuildPhase section */
		7FD0D5A91EDDB6D300849129 /* Sources */ = {
			isa = PBXSourcesBuildPhase;
			buildActionMask = 2147483647;
			files = (
				7FD7F9E91EE5D8D700CF8A98 /* PreferencesConstant.swift in Sources */,
				7FD1B52B1EE74799005AE62F /* AlliNDelegate.swift in Sources */,
				7FD7F9D71EE5D86300CF8A98 /* ParametersConstant.swift in Sources */,
				7FD7F9E21EE5D88500CF8A98 /* MessageEntity.swift in Sources */,
				7FD7F9EF1EE5D99700CF8A98 /* DefaultListConstant.swift in Sources */,
				7FD0D5C31EDDC97300849129 /* DateExtension.swift in Sources */,
				7F7F524F1EEB3BDD00D53151 /* AlliNPush.swift in Sources */,
				7FD1B5411EE89C0D005AE62F /* DataExtension.swift in Sources */,
				7FD7F9DF1EE5D88500CF8A98 /* CacheEntity.swift in Sources */,
				7FD1B52D1EE747F3005AE62F /* LocationDelegate.swift in Sources */,
				7FD0D5C41EDDC97300849129 /* StringExtension.swift in Sources */,
				7FD7F9E01EE5D88500CF8A98 /* ConfigurationEntity.swift in Sources */,
				7FD7F9EB1EE5D90400CF8A98 /* RouteConstant.swift in Sources */,
				7FD7F9E11EE5D88500CF8A98 /* DeviceEntity.swift in Sources */,
				7FD1B53B1EE88CB0005AE62F /* CacheService.swift in Sources */,
				7FD0D5BB1EDDB76500849129 /* SharedPreferencesManager.swift in Sources */,
				7FD7F9D61EE5D86300CF8A98 /* NotificationConstant.swift in Sources */,
				7FD7F9E31EE5D88500CF8A98 /* ResponseEntity.swift in Sources */,
				7FD0D5C61EDDCB5D00849129 /* UIColorExtension.swift in Sources */,
				7FD7F9E61EE5D89400CF8A98 /* Application.swift in Sources */,
				7FD1B5361EE87FD8005AE62F /* HttpRequestError.swift in Sources */,
				7FD1B53D1EE88CFE005AE62F /* StatusService.swift in Sources */,
				7FD1B5321EE748D5005AE62F /* RequestTypeEnum.swift in Sources */,
				7FD7F9D91EE5D87500CF8A98 /* DeviceTokenError.swift in Sources */,
				7FD1B52F1EE74847005AE62F /* HttpRequest.swift in Sources */,
				7F7F52511EEB3C5000D53151 /* NotificationService.swift in Sources */,
				7FD7F9ED1EE5D94B00CF8A98 /* BodyConstant.swift in Sources */,
				7FD7F9E71EE5D89400CF8A98 /* Connection.swift in Sources */,
				7FD1B5341EE74ABF005AE62F /* HttpConstant.swift in Sources */,
			);
			runOnlyForDeploymentPostprocessing = 0;
		};
/* End PBXSourcesBuildPhase section */

/* Begin PBXTargetDependency section */
		7FE8B4891EDF3DCC0002E82C /* PBXTargetDependency */ = {
			isa = PBXTargetDependency;
			target = 7FE8B4831EDF3DA70002E82C /* CommonCryptoModuleMap */;
			targetProxy = 7FE8B4881EDF3DCC0002E82C /* PBXContainerItemProxy */;
		};
/* End PBXTargetDependency section */

/* Begin XCBuildConfiguration section */
		7FD0D5B41EDDB6D300849129 /* Debug */ = {
			isa = XCBuildConfiguration;
			buildSettings = {
				ALWAYS_SEARCH_USER_PATHS = NO;
				CLANG_ALLOW_NON_MODULAR_INCLUDES_IN_FRAMEWORK_MODULES = YES;
				CLANG_ANALYZER_NONNULL = YES;
				CLANG_ANALYZER_NUMBER_OBJECT_CONVERSION = YES_AGGRESSIVE;
				CLANG_CXX_LANGUAGE_STANDARD = "gnu++0x";
				CLANG_CXX_LIBRARY = "libc++";
				CLANG_ENABLE_MODULES = YES;
				CLANG_ENABLE_OBJC_ARC = YES;
				CLANG_WARN_BOOL_CONVERSION = YES;
				CLANG_WARN_CONSTANT_CONVERSION = YES;
				CLANG_WARN_DIRECT_OBJC_ISA_USAGE = YES_ERROR;
				CLANG_WARN_DOCUMENTATION_COMMENTS = YES;
				CLANG_WARN_EMPTY_BODY = YES;
				CLANG_WARN_ENUM_CONVERSION = YES;
				CLANG_WARN_INFINITE_RECURSION = YES;
				CLANG_WARN_INT_CONVERSION = YES;
				CLANG_WARN_OBJC_ROOT_CLASS = YES_ERROR;
				CLANG_WARN_SUSPICIOUS_MOVE = YES;
				CLANG_WARN_UNREACHABLE_CODE = YES;
				CLANG_WARN__DUPLICATE_METHOD_MATCH = YES;
				"CODE_SIGN_IDENTITY[sdk=iphoneos*]" = "iPhone Developer";
				COPY_PHASE_STRIP = NO;
				CURRENT_PROJECT_VERSION = 1;
				DEBUG_INFORMATION_FORMAT = dwarf;
				ENABLE_STRICT_OBJC_MSGSEND = YES;
				ENABLE_TESTABILITY = YES;
				GCC_C_LANGUAGE_STANDARD = gnu99;
				GCC_DYNAMIC_NO_PIC = NO;
				GCC_NO_COMMON_BLOCKS = YES;
				GCC_OPTIMIZATION_LEVEL = 0;
				GCC_PREPROCESSOR_DEFINITIONS = (
					"DEBUG=1",
					"$(inherited)",
				);
				GCC_WARN_64_TO_32_BIT_CONVERSION = YES;
				GCC_WARN_ABOUT_RETURN_TYPE = YES_ERROR;
				GCC_WARN_UNDECLARED_SELECTOR = YES;
				GCC_WARN_UNINITIALIZED_AUTOS = YES_AGGRESSIVE;
				GCC_WARN_UNUSED_FUNCTION = YES;
				GCC_WARN_UNUSED_VARIABLE = YES;
				IPHONEOS_DEPLOYMENT_TARGET = 10.3;
				MTL_ENABLE_DEBUG_INFO = YES;
				ONLY_ACTIVE_ARCH = YES;
				SDKROOT = iphoneos;
				SWIFT_ACTIVE_COMPILATION_CONDITIONS = DEBUG;
				SWIFT_OPTIMIZATION_LEVEL = "-Onone";
				TARGETED_DEVICE_FAMILY = "1,2";
				VERSIONING_SYSTEM = "apple-generic";
				VERSION_INFO_PREFIX = "";
			};
			name = Debug;
		};
		7FD0D5B51EDDB6D300849129 /* Release */ = {
			isa = XCBuildConfiguration;
			buildSettings = {
				ALWAYS_SEARCH_USER_PATHS = NO;
				CLANG_ALLOW_NON_MODULAR_INCLUDES_IN_FRAMEWORK_MODULES = YES;
				CLANG_ANALYZER_NONNULL = YES;
				CLANG_ANALYZER_NUMBER_OBJECT_CONVERSION = YES_AGGRESSIVE;
				CLANG_CXX_LANGUAGE_STANDARD = "gnu++0x";
				CLANG_CXX_LIBRARY = "libc++";
				CLANG_ENABLE_MODULES = YES;
				CLANG_ENABLE_OBJC_ARC = YES;
				CLANG_WARN_BOOL_CONVERSION = YES;
				CLANG_WARN_CONSTANT_CONVERSION = YES;
				CLANG_WARN_DIRECT_OBJC_ISA_USAGE = YES_ERROR;
				CLANG_WARN_DOCUMENTATION_COMMENTS = YES;
				CLANG_WARN_EMPTY_BODY = YES;
				CLANG_WARN_ENUM_CONVERSION = YES;
				CLANG_WARN_INFINITE_RECURSION = YES;
				CLANG_WARN_INT_CONVERSION = YES;
				CLANG_WARN_OBJC_ROOT_CLASS = YES_ERROR;
				CLANG_WARN_SUSPICIOUS_MOVE = YES;
				CLANG_WARN_UNREACHABLE_CODE = YES;
				CLANG_WARN__DUPLICATE_METHOD_MATCH = YES;
				"CODE_SIGN_IDENTITY[sdk=iphoneos*]" = "iPhone Developer";
				COPY_PHASE_STRIP = NO;
				CURRENT_PROJECT_VERSION = 1;
				DEBUG_INFORMATION_FORMAT = "dwarf-with-dsym";
				ENABLE_NS_ASSERTIONS = NO;
				ENABLE_STRICT_OBJC_MSGSEND = YES;
				GCC_C_LANGUAGE_STANDARD = gnu99;
				GCC_NO_COMMON_BLOCKS = YES;
				GCC_WARN_64_TO_32_BIT_CONVERSION = YES;
				GCC_WARN_ABOUT_RETURN_TYPE = YES_ERROR;
				GCC_WARN_UNDECLARED_SELECTOR = YES;
				GCC_WARN_UNINITIALIZED_AUTOS = YES_AGGRESSIVE;
				GCC_WARN_UNUSED_FUNCTION = YES;
				GCC_WARN_UNUSED_VARIABLE = YES;
				IPHONEOS_DEPLOYMENT_TARGET = 10.3;
				MTL_ENABLE_DEBUG_INFO = NO;
				SDKROOT = iphoneos;
				SWIFT_OPTIMIZATION_LEVEL = "-Owholemodule";
				TARGETED_DEVICE_FAMILY = "1,2";
				VALIDATE_PRODUCT = YES;
				VERSIONING_SYSTEM = "apple-generic";
				VERSION_INFO_PREFIX = "";
			};
			name = Release;
		};
		7FD0D5B71EDDB6D300849129 /* Debug */ = {
			isa = XCBuildConfiguration;
			baseConfigurationReference = ED2CD76EB170579D253CC230 /* Pods-AlliNMobileSwift.debug.xcconfig */;
			buildSettings = {
				CLANG_ALLOW_NON_MODULAR_INCLUDES_IN_FRAMEWORK_MODULES = YES;
				CLANG_ENABLE_MODULES = YES;
				CODE_SIGN_IDENTITY = "";
				DEFINES_MODULE = YES;
				DEVELOPMENT_TEAM = 9GV93X4TAH;
				DYLIB_COMPATIBILITY_VERSION = 1;
				DYLIB_CURRENT_VERSION = 1;
				DYLIB_INSTALL_NAME_BASE = "@rpath";
				HEADER_SEARCH_PATHS = (
					"$(inherited)",
					"${BUILT_PRODUCTS_DIR}/CommonCryptoModuleMap",
				);
				INFOPLIST_FILE = AlliNMobileSwift/Info.plist;
				INSTALL_PATH = "$(LOCAL_LIBRARY_DIR)/Frameworks";
				LD_RUNPATH_SEARCH_PATHS = "$(inherited) @executable_path/Frameworks @loader_path/Frameworks";
				PRODUCT_BUNDLE_IDENTIFIER = allin.AlliNMobileSwift;
				PRODUCT_NAME = "$(TARGET_NAME)";
				SKIP_INSTALL = YES;
				SWIFT_INCLUDE_PATHS = "";
				SWIFT_OBJC_BRIDGING_HEADER = "";
				SWIFT_OPTIMIZATION_LEVEL = "-Onone";
				SWIFT_VERSION = 3.0;
			};
			name = Debug;
		};
		7FD0D5B81EDDB6D300849129 /* Release */ = {
			isa = XCBuildConfiguration;
			baseConfigurationReference = 8041A9BE619A2713C882DDF7 /* Pods-AlliNMobileSwift.release.xcconfig */;
			buildSettings = {
				CLANG_ALLOW_NON_MODULAR_INCLUDES_IN_FRAMEWORK_MODULES = YES;
				CLANG_ENABLE_MODULES = YES;
				CODE_SIGN_IDENTITY = "";
				DEFINES_MODULE = YES;
				DEVELOPMENT_TEAM = 9GV93X4TAH;
				DYLIB_COMPATIBILITY_VERSION = 1;
				DYLIB_CURRENT_VERSION = 1;
				DYLIB_INSTALL_NAME_BASE = "@rpath";
				HEADER_SEARCH_PATHS = (
					"$(inherited)",
					"${BUILT_PRODUCTS_DIR}/CommonCryptoModuleMap",
				);
				INFOPLIST_FILE = AlliNMobileSwift/Info.plist;
				INSTALL_PATH = "$(LOCAL_LIBRARY_DIR)/Frameworks";
				LD_RUNPATH_SEARCH_PATHS = "$(inherited) @executable_path/Frameworks @loader_path/Frameworks";
				PRODUCT_BUNDLE_IDENTIFIER = allin.AlliNMobileSwift;
				PRODUCT_NAME = "$(TARGET_NAME)";
				SKIP_INSTALL = YES;
				SWIFT_INCLUDE_PATHS = "";
				SWIFT_OBJC_BRIDGING_HEADER = "";
				SWIFT_VERSION = 3.0;
			};
			name = Release;
		};
		7FE8B4851EDF3DA70002E82C /* Debug */ = {
			isa = XCBuildConfiguration;
			buildSettings = {
				DEVELOPMENT_TEAM = 9GV93X4TAH;
				PRODUCT_NAME = "$(TARGET_NAME)";
			};
			name = Debug;
		};
		7FE8B4861EDF3DA70002E82C /* Release */ = {
			isa = XCBuildConfiguration;
			buildSettings = {
				DEVELOPMENT_TEAM = 9GV93X4TAH;
				PRODUCT_NAME = "$(TARGET_NAME)";
			};
			name = Release;
		};
/* End XCBuildConfiguration section */

/* Begin XCConfigurationList section */
		7FD0D5A81EDDB6D300849129 /* Build configuration list for PBXProject "AlliNMobileSwift" */ = {
			isa = XCConfigurationList;
			buildConfigurations = (
				7FD0D5B41EDDB6D300849129 /* Debug */,
				7FD0D5B51EDDB6D300849129 /* Release */,
			);
			defaultConfigurationIsVisible = 0;
			defaultConfigurationName = Release;
		};
		7FD0D5B61EDDB6D300849129 /* Build configuration list for PBXNativeTarget "AlliNMobileSwift" */ = {
			isa = XCConfigurationList;
			buildConfigurations = (
				7FD0D5B71EDDB6D300849129 /* Debug */,
				7FD0D5B81EDDB6D300849129 /* Release */,
			);
			defaultConfigurationIsVisible = 0;
			defaultConfigurationName = Release;
		};
		7FE8B4841EDF3DA70002E82C /* Build configuration list for PBXAggregateTarget "CommonCryptoModuleMap" */ = {
			isa = XCConfigurationList;
			buildConfigurations = (
				7FE8B4851EDF3DA70002E82C /* Debug */,
				7FE8B4861EDF3DA70002E82C /* Release */,
			);
			defaultConfigurationIsVisible = 0;
			defaultConfigurationName = Release;
		};
/* End XCConfigurationList section */
	};
	rootObject = 7FD0D5A51EDDB6D300849129 /* Project object */;
}
